
Microsoft Visual Studio Solution File, Format Version 12.00
# Visual Studio Version 16
VisualStudioVersion = 16.0.30114.105
MinimumVisualStudioVersion = 10.0.40219.1
Project("{FAE04EC0-301F-11D3-BF4B-00C04F79EFBC}") = "Core.Security", "Core.Security\Core.Security.csproj", "{F6358A6B-A342-4EAE-AEE0-6DB04F17A926}"
EndProject
Project("{FAE04EC0-301F-11D3-BF4B-00C04F79EFBC}") = "Core.Domain", "Core.Domain\Core.Domain.csproj", "{29A4E1F7-E242-4E74-A559-50CDE4101B88}"
EndProject
Project("{FAE04EC0-301F-11D3-BF4B-00C04F79EFBC}") = "Core.Application", "Core.Application\Core.Application.csproj", "{79B9F286-9E8B-4543-B128-45EFC12F3639}"
EndProject
Global
	GlobalSection(SolutionConfigurationPlatforms) = preSolution
		Debug|Any CPU = Debug|Any CPU
		Release|Any CPU = Release|Any CPU
	EndGlobalSection
	GlobalSection(SolutionProperties) = preSolution
		HideSolutionNode = FALSE
	EndGlobalSection
	GlobalSection(ProjectConfigurationPlatforms) = postSolution
		{F6358A6B-A342-4EAE-AEE0-6DB04F17A926}.Debug|Any CPU.ActiveCfg = Debug|Any CPU
		{F6358A6B-A342-4EAE-AEE0-6DB04F17A926}.Debug|Any CPU.Build.0 = Debug|Any CPU
		{F6358A6B-A342-4EAE-AEE0-6DB04F17A926}.Release|Any CPU.ActiveCfg = Release|Any CPU
		{F6358A6B-A342-4EAE-AEE0-6DB04F17A926}.Release|Any CPU.Build.0 = Release|Any CPU
		{70DC796C-0279-449F-8187-527ABCC66969}.Debug|Any CPU.ActiveCfg = Debug|Any CPU
		{70DC796C-0279-449F-8187-527ABCC66969}.Debug|Any CPU.Build.0 = Debug|Any CPU
		{70DC796C-0279-449F-8187-527ABCC66969}.Release|Any CPU.ActiveCfg = Release|Any CPU
		{70DC796C-0279-449F-8187-527ABCC66969}.Release|Any CPU.Build.0 = Release|Any CPU
		{29A4E1F7-E242-4E74-A559-50CDE4101B88}.Debug|Any CPU.ActiveCfg = Debug|Any CPU
		{29A4E1F7-E242-4E74-A559-50CDE4101B88}.Debug|Any CPU.Build.0 = Debug|Any CPU
		{29A4E1F7-E242-4E74-A559-50CDE4101B88}.Release|Any CPU.ActiveCfg = Release|Any CPU
		{29A4E1F7-E242-4E74-A559-50CDE4101B88}.Release|Any CPU.Build.0 = Release|Any CPU
		{79B9F286-9E8B-4543-B128-45EFC12F3639}.Debug|Any CPU.ActiveCfg = Debug|Any CPU
		{79B9F286-9E8B-4543-B128-45EFC12F3639}.Debug|Any CPU.Build.0 = Debug|Any CPU
		{79B9F286-9E8B-4543-B128-45EFC12F3639}.Release|Any CPU.ActiveCfg = Release|Any CPU
		{79B9F286-9E8B-4543-B128-45EFC12F3639}.Release|Any CPU.Build.0 = Release|Any CPU
	EndGlobalSection
EndGlobal
